
Microsoft Visual Studio Solution File, Format Version 12.00
# Visual Studio 14
VisualStudioVersion = 14.0.25420.1
MinimumVisualStudioVersion = 10.0.40219.1
Project("{FAE04EC0-301F-11D3-BF4B-00C04F79EFBC}") = "DataBaseModel", "DataBaseModel\DataBaseModel.csproj", "{AD1EF8DD-46CE-4D69-8CEE-20E573AE190C}"
EndProject
Project("{FAE04EC0-301F-11D3-BF4B-00C04F79EFBC}") = "DAL", "DAL\DAL.csproj", "{5E81451E-3437-4726-978B-1F3BB2231768}"
EndProject
Project("{FAE04EC0-301F-11D3-BF4B-00C04F79EFBC}") = "BL", "BL\BL.csproj", "{C44FCD81-7F48-4430-8CA0-9AA1E492C2FD}"
EndProject
Project("{FAE04EC0-301F-11D3-BF4B-00C04F79EFBC}") = "TransferToDB", "TransferToDB\TransferToDB.csproj", "{D9C5C3AE-7584-46B0-A997-7A758C6E4902}"
EndProject
Project("{FAE04EC0-301F-11D3-BF4B-00C04F79EFBC}") = "CSVSer", "CSVSer\CSVSer.csproj", "{8541C43D-F4E2-4570-92FC-7A3B0BECD712}"
EndProject
Global
	GlobalSection(SolutionConfigurationPlatforms) = preSolution
		Debug|Any CPU = Debug|Any CPU
		Release|Any CPU = Release|Any CPU
	EndGlobalSection
	GlobalSection(ProjectConfigurationPlatforms) = postSolution
		{AD1EF8DD-46CE-4D69-8CEE-20E573AE190C}.Debug|Any CPU.ActiveCfg = Debug|Any CPU
		{AD1EF8DD-46CE-4D69-8CEE-20E573AE190C}.Debug|Any CPU.Build.0 = Debug|Any CPU
		{AD1EF8DD-46CE-4D69-8CEE-20E573AE190C}.Release|Any CPU.ActiveCfg = Release|Any CPU
		{AD1EF8DD-46CE-4D69-8CEE-20E573AE190C}.Release|Any CPU.Build.0 = Release|Any CPU
		{5E81451E-3437-4726-978B-1F3BB2231768}.Debug|Any CPU.ActiveCfg = Debug|Any CPU
		{5E81451E-3437-4726-978B-1F3BB2231768}.Debug|Any CPU.Build.0 = Debug|Any CPU
		{5E81451E-3437-4726-978B-1F3BB2231768}.Release|Any CPU.ActiveCfg = Release|Any CPU
		{5E81451E-3437-4726-978B-1F3BB2231768}.Release|Any CPU.Build.0 = Release|Any CPU
		{C44FCD81-7F48-4430-8CA0-9AA1E492C2FD}.Debug|Any CPU.ActiveCfg = Debug|Any CPU
		{C44FCD81-7F48-4430-8CA0-9AA1E492C2FD}.Debug|Any CPU.Build.0 = Debug|Any CPU
		{C44FCD81-7F48-4430-8CA0-9AA1E492C2FD}.Release|Any CPU.ActiveCfg = Release|Any CPU
		{C44FCD81-7F48-4430-8CA0-9AA1E492C2FD}.Release|Any CPU.Build.0 = Release|Any CPU
		{D9C5C3AE-7584-46B0-A997-7A758C6E4902}.Debug|Any CPU.ActiveCfg = Debug|Any CPU
		{D9C5C3AE-7584-46B0-A997-7A758C6E4902}.Debug|Any CPU.Build.0 = Debug|Any CPU
		{D9C5C3AE-7584-46B0-A997-7A758C6E4902}.Release|Any CPU.ActiveCfg = Release|Any CPU
		{D9C5C3AE-7584-46B0-A997-7A758C6E4902}.Release|Any CPU.Build.0 = Release|Any CPU
		{8541C43D-F4E2-4570-92FC-7A3B0BECD712}.Debug|Any CPU.ActiveCfg = Debug|Any CPU
		{8541C43D-F4E2-4570-92FC-7A3B0BECD712}.Debug|Any CPU.Build.0 = Debug|Any CPU
		{8541C43D-F4E2-4570-92FC-7A3B0BECD712}.Release|Any CPU.ActiveCfg = Release|Any CPU
		{8541C43D-F4E2-4570-92FC-7A3B0BECD712}.Release|Any CPU.Build.0 = Release|Any CPU
	EndGlobalSection
	GlobalSection(SolutionProperties) = preSolution
		HideSolutionNode = FALSE
	EndGlobalSection
EndGlobal
