
Microsoft Visual Studio Solution File, Format Version 12.00
# Visual Studio 14
VisualStudioVersion = 14.0.25420.1
MinimumVisualStudioVersion = 10.0.40219.1
Project("{FAE04EC0-301F-11D3-BF4B-00C04F79EFBC}") = "DataBaseModel", "DataBaseModel\DataBaseModel.csproj", "{AD1EF8DD-46CE-4D69-8CEE-20E573AE190C}"
EndProject
Project("{FAE04EC0-301F-11D3-BF4B-00C04F79EFBC}") = "DAL", "DAL\DAL.csproj", "{5E81451E-3437-4726-978B-1F3BB2231768}"
EndProject
Project("{FAE04EC0-301F-11D3-BF4B-00C04F79EFBC}") = "BL", "BL\BL.csproj", "{C44FCD81-7F48-4430-8CA0-9AA1E492C2FD}"
EndProject
Project("{FAE04EC0-301F-11D3-BF4B-00C04F79EFBC}") = "CommaSeparatedValuesService", "CommaSeparatedValuesService\CommaSeparatedValuesService.csproj", "{2A0A6125-127C-4059-B122-541110668A5F}"
EndProject
Global
	GlobalSection(SolutionConfigurationPlatforms) = preSolution
		Debug|Any CPU = Debug|Any CPU
		Release|Any CPU = Release|Any CPU
	EndGlobalSection
	GlobalSection(ProjectConfigurationPlatforms) = postSolution
		{AD1EF8DD-46CE-4D69-8CEE-20E573AE190C}.Debug|Any CPU.ActiveCfg = Debug|Any CPU
		{AD1EF8DD-46CE-4D69-8CEE-20E573AE190C}.Debug|Any CPU.Build.0 = Debug|Any CPU
		{AD1EF8DD-46CE-4D69-8CEE-20E573AE190C}.Release|Any CPU.ActiveCfg = Release|Any CPU
		{AD1EF8DD-46CE-4D69-8CEE-20E573AE190C}.Release|Any CPU.Build.0 = Release|Any CPU
		{5E81451E-3437-4726-978B-1F3BB2231768}.Debug|Any CPU.ActiveCfg = Debug|Any CPU
		{5E81451E-3437-4726-978B-1F3BB2231768}.Debug|Any CPU.Build.0 = Debug|Any CPU
		{5E81451E-3437-4726-978B-1F3BB2231768}.Release|Any CPU.ActiveCfg = Release|Any CPU
		{5E81451E-3437-4726-978B-1F3BB2231768}.Release|Any CPU.Build.0 = Release|Any CPU
		{C44FCD81-7F48-4430-8CA0-9AA1E492C2FD}.Debug|Any CPU.ActiveCfg = Debug|Any CPU
		{C44FCD81-7F48-4430-8CA0-9AA1E492C2FD}.Debug|Any CPU.Build.0 = Debug|Any CPU
		{C44FCD81-7F48-4430-8CA0-9AA1E492C2FD}.Release|Any CPU.ActiveCfg = Release|Any CPU
		{C44FCD81-7F48-4430-8CA0-9AA1E492C2FD}.Release|Any CPU.Build.0 = Release|Any CPU
		{2A0A6125-127C-4059-B122-541110668A5F}.Debug|Any CPU.ActiveCfg = Debug|Any CPU
		{2A0A6125-127C-4059-B122-541110668A5F}.Debug|Any CPU.Build.0 = Debug|Any CPU
		{2A0A6125-127C-4059-B122-541110668A5F}.Release|Any CPU.ActiveCfg = Release|Any CPU
		{2A0A6125-127C-4059-B122-541110668A5F}.Release|Any CPU.Build.0 = Release|Any CPU
	EndGlobalSection
	GlobalSection(SolutionProperties) = preSolution
		HideSolutionNode = FALSE
	EndGlobalSection
EndGlobal
